
Microsoft Visual Studio Solution File, Format Version 12.00
# Visual Studio Version 16
VisualStudioVersion = 16.0.30717.126
MinimumVisualStudioVersion = 10.0.40219.1
Project("{FAE04EC0-301F-11D3-BF4B-00C04F79EFBC}") = "PD1", "PD1.csproj", "{2C76A76C-FDCC-487C-AA29-A5AF87DFBF49}"
EndProject
Global
	GlobalSection(SolutionConfigurationPlatforms) = preSolution
		Debug|Any CPU = Debug|Any CPU
		Release|Any CPU = Release|Any CPU
	EndGlobalSection
	GlobalSection(ProjectConfigurationPlatforms) = postSolution
		{2C76A76C-FDCC-487C-AA29-A5AF87DFBF49}.Debug|Any CPU.ActiveCfg = Debug|Any CPU
		{2C76A76C-FDCC-487C-AA29-A5AF87DFBF49}.Debug|Any CPU.Build.0 = Debug|Any CPU
		{2C76A76C-FDCC-487C-AA29-A5AF87DFBF49}.Release|Any CPU.ActiveCfg = Release|Any CPU
		{2C76A76C-FDCC-487C-AA29-A5AF87DFBF49}.Release|Any CPU.Build.0 = Release|Any CPU
	EndGlobalSection
	GlobalSection(SolutionProperties) = preSolution
		HideSolutionNode = FALSE
	EndGlobalSection
	GlobalSection(ExtensibilityGlobals) = postSolution
		SolutionGuid = {E8BE9B9D-54B9-4318-81BF-3186658E58A3}
	EndGlobalSection
EndGlobal
